
Microsoft Visual Studio Solution File, Format Version 11.00
# Visual Studio 2010
Project("{FAE04EC0-301F-11D3-BF4B-00C04F79EFBC}") = "Neo4jSharp", "Neo4jSharp\Neo4jSharp.csproj", "{59438814-A6F2-4BC7-93AF-AA2402E8179B}"
EndProject
Global
	GlobalSection(SolutionConfigurationPlatforms) = preSolution
		Debug|Any CPU = Debug|Any CPU
		Release|Any CPU = Release|Any CPU
	EndGlobalSection
	GlobalSection(ProjectConfigurationPlatforms) = postSolution
		{59438814-A6F2-4BC7-93AF-AA2402E8179B}.Debug|Any CPU.ActiveCfg = Debug|Any CPU
		{59438814-A6F2-4BC7-93AF-AA2402E8179B}.Debug|Any CPU.Build.0 = Debug|Any CPU
		{59438814-A6F2-4BC7-93AF-AA2402E8179B}.Release|Any CPU.ActiveCfg = Release|Any CPU
		{59438814-A6F2-4BC7-93AF-AA2402E8179B}.Release|Any CPU.Build.0 = Release|Any CPU
	EndGlobalSection
	GlobalSection(SolutionProperties) = preSolution
		HideSolutionNode = FALSE
	EndGlobalSection
EndGlobal
